// !$*UTF8*$!
{
	archiveVersion = 1;
	classes = {
	};
	objectVersion = 46;
	objects = {

/* Begin PBXBuildFile section */
		431D4B421DFC893B00FD3702 /* ContactTableViewCell.swift in Sources */ = {isa = PBXBuildFile; fileRef = 431D4B411DFC893B00FD3702 /* ContactTableViewCell.swift */; };
		4320D1A61DF5A342002EDC2C /* ColorCodeExtensions.swift in Sources */ = {isa = PBXBuildFile; fileRef = 4320D1A41DF5A342002EDC2C /* ColorCodeExtensions.swift */; };
		4320D1A71DF5A342002EDC2C /* ColorCode.swift in Sources */ = {isa = PBXBuildFile; fileRef = 4320D1A51DF5A342002EDC2C /* ColorCode.swift */; };
		4326AF291E07F1730043188E /* TextFieldsEffects.swift in Sources */ = {isa = PBXBuildFile; fileRef = 4326AF271E07F1730043188E /* TextFieldsEffects.swift */; };
		4326AF2A1E07F1730043188E /* HoshiTextField.swift in Sources */ = {isa = PBXBuildFile; fileRef = 4326AF281E07F1730043188E /* HoshiTextField.swift */; };
		4345F88B1DFFF1BE005FC03C /* XMPPMessageArchivingManagement.swift in Sources */ = {isa = PBXBuildFile; fileRef = 4345F88A1DFFF1BE005FC03C /* XMPPMessageArchivingManagement.swift */; };
		434AEF441E0AC110003E2A12 /* CustomCells.swift in Sources */ = {isa = PBXBuildFile; fileRef = 434AEF431E0AC110003E2A12 /* CustomCells.swift */; };
		434AEF4B1E0AC254003E2A12 /* MessageViewOutgoing.xib in Resources */ = {isa = PBXBuildFile; fileRef = 434AEF491E0AC254003E2A12 /* MessageViewOutgoing.xib */; };
		434AEF4C1E0AC254003E2A12 /* MessageViewIncoming.xib in Resources */ = {isa = PBXBuildFile; fileRef = 434AEF4A1E0AC254003E2A12 /* MessageViewIncoming.xib */; };
		434AEF4E1E0ADEA7003E2A12 /* BubbleSizeCalculator.swift in Sources */ = {isa = PBXBuildFile; fileRef = 434AEF4D1E0ADEA7003E2A12 /* BubbleSizeCalculator.swift */; };
		434AEF501E0AE4AF003E2A12 /* Custom media message.swift in Sources */ = {isa = PBXBuildFile; fileRef = 434AEF4F1E0AE4AF003E2A12 /* Custom media message.swift */; };
		434AEF521E0AF01B003E2A12 /* ChatScreenHeaderView.xib in Resources */ = {isa = PBXBuildFile; fileRef = 434AEF511E0AF01B003E2A12 /* ChatScreenHeaderView.xib */; };
		434AEF541E0AF093003E2A12 /* ChatScreenHeaderView.swift in Sources */ = {isa = PBXBuildFile; fileRef = 434AEF531E0AF093003E2A12 /* ChatScreenHeaderView.swift */; };
		435E8B381DF029B5003D3F63 /* AppDelegate.swift in Sources */ = {isa = PBXBuildFile; fileRef = 435E8B371DF029B5003D3F63 /* AppDelegate.swift */; };
		435E8B3D1DF029B5003D3F63 /* Main.storyboard in Resources */ = {isa = PBXBuildFile; fileRef = 435E8B3B1DF029B5003D3F63 /* Main.storyboard */; };
		435E8B401DF029B5003D3F63 /* Eazespot.xcdatamodeld in Sources */ = {isa = PBXBuildFile; fileRef = 435E8B3E1DF029B5003D3F63 /* Eazespot.xcdatamodeld */; };
		435E8B421DF029B5003D3F63 /* Assets.xcassets in Resources */ = {isa = PBXBuildFile; fileRef = 435E8B411DF029B5003D3F63 /* Assets.xcassets */; };
		435E8B451DF029B5003D3F63 /* LaunchScreen.storyboard in Resources */ = {isa = PBXBuildFile; fileRef = 435E8B431DF029B5003D3F63 /* LaunchScreen.storyboard */; };
		435E8B501DF029B5003D3F63 /* EazespotTests.swift in Sources */ = {isa = PBXBuildFile; fileRef = 435E8B4F1DF029B5003D3F63 /* EazespotTests.swift */; };
		435E8B5B1DF029B5003D3F63 /* EazespotUITests.swift in Sources */ = {isa = PBXBuildFile; fileRef = 435E8B5A1DF029B5003D3F63 /* EazespotUITests.swift */; };
		435E8B761DF03238003D3F63 /* Network.swift in Sources */ = {isa = PBXBuildFile; fileRef = 435E8B721DF03238003D3F63 /* Network.swift */; };
		435E8B771DF03238003D3F63 /* Reachability.swift in Sources */ = {isa = PBXBuildFile; fileRef = 435E8B731DF03238003D3F63 /* Reachability.swift */; };
		435E8B781DF03238003D3F63 /* SwiftyJSON.swift in Sources */ = {isa = PBXBuildFile; fileRef = 435E8B741DF03238003D3F63 /* SwiftyJSON.swift */; };
		435E8B791DF03238003D3F63 /* Urls.swift in Sources */ = {isa = PBXBuildFile; fileRef = 435E8B751DF03238003D3F63 /* Urls.swift */; };
		435E8B7C1DF03338003D3F63 /* LoginService.swift in Sources */ = {isa = PBXBuildFile; fileRef = 435E8B7B1DF03338003D3F63 /* LoginService.swift */; };
		435E8B891DF04868003D3F63 /* DeviceSizes.swift in Sources */ = {isa = PBXBuildFile; fileRef = 435E8B861DF04868003D3F63 /* DeviceSizes.swift */; };
		435E8B8D1DF05509003D3F63 /* Utils.swift in Sources */ = {isa = PBXBuildFile; fileRef = 435E8B8C1DF05509003D3F63 /* Utils.swift */; };
		435E8B8F1DF055D6003D3F63 /* Toast.swift in Sources */ = {isa = PBXBuildFile; fileRef = 435E8B8E1DF055D6003D3F63 /* Toast.swift */; };
		435E8B911DF0560B003D3F63 /* ActivityIndicator.swift in Sources */ = {isa = PBXBuildFile; fileRef = 435E8B901DF0560B003D3F63 /* ActivityIndicator.swift */; };
		435E8B941DF057F5003D3F63 /* CAPSPageMenu.swift in Sources */ = {isa = PBXBuildFile; fileRef = 435E8B931DF057F5003D3F63 /* CAPSPageMenu.swift */; };
		43AA9E1F1DFAADC500C1876E /* EazeChat.swift in Sources */ = {isa = PBXBuildFile; fileRef = 43AA9E1E1DFAADC500C1876E /* EazeChat.swift */; };
		43AA9E211DFAAE5400C1876E /* EazeChats.swift in Sources */ = {isa = PBXBuildFile; fileRef = 43AA9E201DFAAE5400C1876E /* EazeChats.swift */; };
		43AA9E231DFAAE5F00C1876E /* EazeRoster.swift in Sources */ = {isa = PBXBuildFile; fileRef = 43AA9E221DFAAE5F00C1876E /* EazeRoster.swift */; };
		43AA9E251DFAAE8200C1876E /* EazeLastActivity.swift in Sources */ = {isa = PBXBuildFile; fileRef = 43AA9E241DFAAE8200C1876E /* EazeLastActivity.swift */; };
		43AA9E271DFAAE9600C1876E /* EazePresence.swift in Sources */ = {isa = PBXBuildFile; fileRef = 43AA9E261DFAAE9600C1876E /* EazePresence.swift */; };
		43AA9E291DFAAEA200C1876E /* EazeMessage.swift in Sources */ = {isa = PBXBuildFile; fileRef = 43AA9E281DFAAEA200C1876E /* EazeMessage.swift */; };
		43AA9E2B1DFAAEBA00C1876E /* EazeRoom.swift in Sources */ = {isa = PBXBuildFile; fileRef = 43AA9E2A1DFAAEBA00C1876E /* EazeRoom.swift */; };
		43AA9E2D1DFAB04900C1876E /* kXMPP.swift in Sources */ = {isa = PBXBuildFile; fileRef = 43AA9E2C1DFAB04900C1876E /* kXMPP.swift */; };
		43AA9E2F1DFB53D100C1876E /* PrivateChatTableViewController.swift in Sources */ = {isa = PBXBuildFile; fileRef = 43AA9E2E1DFB53D100C1876E /* PrivateChatTableViewController.swift */; };
		43AA9E311DFB5C5900C1876E /* ChatRoomViewController.swift in Sources */ = {isa = PBXBuildFile; fileRef = 43AA9E301DFB5C5900C1876E /* ChatRoomViewController.swift */; };
		43C5539C1E0165AE00A06201 /* LoginViewController.swift in Sources */ = {isa = PBXBuildFile; fileRef = 43C5539B1E0165AE00A06201 /* LoginViewController.swift */; };
		43D549871DF9466200138473 /* PrivateChatTableViewCell.swift in Sources */ = {isa = PBXBuildFile; fileRef = 43D549861DF9466200138473 /* PrivateChatTableViewCell.swift */; };
		43D549891DF9468600138473 /* NewPrivateChatTableViewController.swift in Sources */ = {isa = PBXBuildFile; fileRef = 43D549881DF9468600138473 /* NewPrivateChatTableViewController.swift */; };
		43D5498B1DF98B6F00138473 /* UserProfileDisplayViewController.swift in Sources */ = {isa = PBXBuildFile; fileRef = 43D5498A1DF98B6F00138473 /* UserProfileDisplayViewController.swift */; };
		43D5498D1DF9949100138473 /* ProfileService.swift in Sources */ = {isa = PBXBuildFile; fileRef = 43D5498C1DF9949100138473 /* ProfileService.swift */; };
		43D5498F1DF99A2E00138473 /* LoggedinUserProfile.swift in Sources */ = {isa = PBXBuildFile; fileRef = 43D5498E1DF99A2E00138473 /* LoggedinUserProfile.swift */; };
		43E2B81E1DF15F1000F791B5 /* TeamSelectionViewController.swift in Sources */ = {isa = PBXBuildFile; fileRef = 43E2B81D1DF15F1000F791B5 /* TeamSelectionViewController.swift */; };
		43E2B8241DF1872B00F791B5 /* Extensions.swift in Sources */ = {isa = PBXBuildFile; fileRef = 43E2B8231DF1872B00F791B5 /* Extensions.swift */; };
		43E2B8261DF1927700F791B5 /* Company.swift in Sources */ = {isa = PBXBuildFile; fileRef = 43E2B8251DF1927700F791B5 /* Company.swift */; };
		43E2B8281DF19A1E00F791B5 /* UserChatCredentials.swift in Sources */ = {isa = PBXBuildFile; fileRef = 43E2B8271DF19A1E00F791B5 /* UserChatCredentials.swift */; };
		6F0B5B4B1E093B220035A2C6 /* ResetPasswordViewController.swift in Sources */ = {isa = PBXBuildFile; fileRef = 6F0B5B4A1E093B220035A2C6 /* ResetPasswordViewController.swift */; };
		6F0B5B4D1E093D460035A2C6 /* ForgotPasswordService.swift in Sources */ = {isa = PBXBuildFile; fileRef = 6F0B5B4C1E093D460035A2C6 /* ForgotPasswordService.swift */; };
		6F9CBF341E0A447B0039A5EA /* SWRevealViewController.m in Sources */ = {isa = PBXBuildFile; fileRef = 6F9CBF331E0A447B0039A5EA /* SWRevealViewController.m */; };
		6F9CBF381E0A4D1F0039A5EA /* MailHomeViewController.swift in Sources */ = {isa = PBXBuildFile; fileRef = 6F9CBF371E0A4D1F0039A5EA /* MailHomeViewController.swift */; };
		6F9CBF3A1E0A4D2E0039A5EA /* ChatHomeViewController.swift in Sources */ = {isa = PBXBuildFile; fileRef = 6F9CBF391E0A4D2E0039A5EA /* ChatHomeViewController.swift */; };
		6F9CBF3D1E0ABBFF0039A5EA /* SideMenuViewController.swift in Sources */ = {isa = PBXBuildFile; fileRef = 6F9CBF3C1E0ABBFF0039A5EA /* SideMenuViewController.swift */; };
		6F9CBF401E0ABDF30039A5EA /* JSSAlertView.swift in Sources */ = {isa = PBXBuildFile; fileRef = 6F9CBF3F1E0ABDF30039A5EA /* JSSAlertView.swift */; };
		F1222B7B61BF1130AB346C08 /* Pods_Eazespot.framework in Frameworks */ = {isa = PBXBuildFile; fileRef = 949A8CB5748D9837E3008E2F /* Pods_Eazespot.framework */; };
/* End PBXBuildFile section */

/* Begin PBXContainerItemProxy section */
		435E8B4C1DF029B5003D3F63 /* PBXContainerItemProxy */ = {
			isa = PBXContainerItemProxy;
			containerPortal = 435E8B2C1DF029B4003D3F63 /* Project object */;
			proxyType = 1;
			remoteGlobalIDString = 435E8B331DF029B4003D3F63;
			remoteInfo = Eazespot;
		};
		435E8B571DF029B5003D3F63 /* PBXContainerItemProxy */ = {
			isa = PBXContainerItemProxy;
			containerPortal = 435E8B2C1DF029B4003D3F63 /* Project object */;
			proxyType = 1;
			remoteGlobalIDString = 435E8B331DF029B4003D3F63;
			remoteInfo = Eazespot;
		};
/* End PBXContainerItemProxy section */

/* Begin PBXFileReference section */
		431D4B411DFC893B00FD3702 /* ContactTableViewCell.swift */ = {isa = PBXFileReference; fileEncoding = 4; lastKnownFileType = sourcecode.swift; path = ContactTableViewCell.swift; sourceTree = "<group>"; };
		4320D1A41DF5A342002EDC2C /* ColorCodeExtensions.swift */ = {isa = PBXFileReference; fileEncoding = 4; lastKnownFileType = sourcecode.swift; path = ColorCodeExtensions.swift; sourceTree = "<group>"; };
		4320D1A51DF5A342002EDC2C /* ColorCode.swift */ = {isa = PBXFileReference; fileEncoding = 4; lastKnownFileType = sourcecode.swift; path = ColorCode.swift; sourceTree = "<group>"; };
		4326AF271E07F1730043188E /* TextFieldsEffects.swift */ = {isa = PBXFileReference; fileEncoding = 4; lastKnownFileType = sourcecode.swift; path = TextFieldsEffects.swift; sourceTree = "<group>"; };
		4326AF281E07F1730043188E /* HoshiTextField.swift */ = {isa = PBXFileReference; fileEncoding = 4; lastKnownFileType = sourcecode.swift; path = HoshiTextField.swift; sourceTree = "<group>"; };
		4345F88A1DFFF1BE005FC03C /* XMPPMessageArchivingManagement.swift */ = {isa = PBXFileReference; fileEncoding = 4; lastKnownFileType = sourcecode.swift; path = XMPPMessageArchivingManagement.swift; sourceTree = "<group>"; };
		434AEF431E0AC110003E2A12 /* CustomCells.swift */ = {isa = PBXFileReference; fileEncoding = 4; lastKnownFileType = sourcecode.swift; path = CustomCells.swift; sourceTree = "<group>"; };
		434AEF491E0AC254003E2A12 /* MessageViewOutgoing.xib */ = {isa = PBXFileReference; fileEncoding = 4; lastKnownFileType = file.xib; path = MessageViewOutgoing.xib; sourceTree = "<group>"; };
		434AEF4A1E0AC254003E2A12 /* MessageViewIncoming.xib */ = {isa = PBXFileReference; fileEncoding = 4; lastKnownFileType = file.xib; path = MessageViewIncoming.xib; sourceTree = "<group>"; };
		434AEF4D1E0ADEA7003E2A12 /* BubbleSizeCalculator.swift */ = {isa = PBXFileReference; fileEncoding = 4; lastKnownFileType = sourcecode.swift; path = BubbleSizeCalculator.swift; sourceTree = "<group>"; };
		434AEF4F1E0AE4AF003E2A12 /* Custom media message.swift */ = {isa = PBXFileReference; fileEncoding = 4; lastKnownFileType = sourcecode.swift; path = "Custom media message.swift"; sourceTree = "<group>"; };
		434AEF511E0AF01B003E2A12 /* ChatScreenHeaderView.xib */ = {isa = PBXFileReference; fileEncoding = 4; lastKnownFileType = file.xib; path = ChatScreenHeaderView.xib; sourceTree = "<group>"; };
		434AEF531E0AF093003E2A12 /* ChatScreenHeaderView.swift */ = {isa = PBXFileReference; fileEncoding = 4; lastKnownFileType = sourcecode.swift; path = ChatScreenHeaderView.swift; sourceTree = "<group>"; };
		435E8B341DF029B5003D3F63 /* Eazespot.app */ = {isa = PBXFileReference; explicitFileType = wrapper.application; includeInIndex = 0; path = Eazespot.app; sourceTree = BUILT_PRODUCTS_DIR; };
		435E8B371DF029B5003D3F63 /* AppDelegate.swift */ = {isa = PBXFileReference; lastKnownFileType = sourcecode.swift; path = AppDelegate.swift; sourceTree = "<group>"; };
		435E8B3C1DF029B5003D3F63 /* Base */ = {isa = PBXFileReference; lastKnownFileType = file.storyboard; name = Base; path = Base.lproj/Main.storyboard; sourceTree = "<group>"; };
		435E8B3F1DF029B5003D3F63 /* Eazespot.xcdatamodel */ = {isa = PBXFileReference; lastKnownFileType = wrapper.xcdatamodel; path = Eazespot.xcdatamodel; sourceTree = "<group>"; };
		435E8B411DF029B5003D3F63 /* Assets.xcassets */ = {isa = PBXFileReference; lastKnownFileType = folder.assetcatalog; path = Assets.xcassets; sourceTree = "<group>"; };
		435E8B441DF029B5003D3F63 /* Base */ = {isa = PBXFileReference; lastKnownFileType = file.storyboard; name = Base; path = Base.lproj/LaunchScreen.storyboard; sourceTree = "<group>"; };
		435E8B461DF029B5003D3F63 /* Info.plist */ = {isa = PBXFileReference; lastKnownFileType = text.plist.xml; path = Info.plist; sourceTree = "<group>"; };
		435E8B4B1DF029B5003D3F63 /* EazespotTests.xctest */ = {isa = PBXFileReference; explicitFileType = wrapper.cfbundle; includeInIndex = 0; path = EazespotTests.xctest; sourceTree = BUILT_PRODUCTS_DIR; };
		435E8B4F1DF029B5003D3F63 /* EazespotTests.swift */ = {isa = PBXFileReference; lastKnownFileType = sourcecode.swift; path = EazespotTests.swift; sourceTree = "<group>"; };
		435E8B511DF029B5003D3F63 /* Info.plist */ = {isa = PBXFileReference; lastKnownFileType = text.plist.xml; path = Info.plist; sourceTree = "<group>"; };
		435E8B561DF029B5003D3F63 /* EazespotUITests.xctest */ = {isa = PBXFileReference; explicitFileType = wrapper.cfbundle; includeInIndex = 0; path = EazespotUITests.xctest; sourceTree = BUILT_PRODUCTS_DIR; };
		435E8B5A1DF029B5003D3F63 /* EazespotUITests.swift */ = {isa = PBXFileReference; lastKnownFileType = sourcecode.swift; path = EazespotUITests.swift; sourceTree = "<group>"; };
		435E8B5C1DF029B5003D3F63 /* Info.plist */ = {isa = PBXFileReference; lastKnownFileType = text.plist.xml; path = Info.plist; sourceTree = "<group>"; };
		435E8B721DF03238003D3F63 /* Network.swift */ = {isa = PBXFileReference; fileEncoding = 4; lastKnownFileType = sourcecode.swift; name = Network.swift; path = network/Network.swift; sourceTree = "<group>"; };
		435E8B731DF03238003D3F63 /* Reachability.swift */ = {isa = PBXFileReference; fileEncoding = 4; lastKnownFileType = sourcecode.swift; name = Reachability.swift; path = network/Reachability.swift; sourceTree = "<group>"; };
		435E8B741DF03238003D3F63 /* SwiftyJSON.swift */ = {isa = PBXFileReference; fileEncoding = 4; lastKnownFileType = sourcecode.swift; name = SwiftyJSON.swift; path = network/SwiftyJSON.swift; sourceTree = "<group>"; };
		435E8B751DF03238003D3F63 /* Urls.swift */ = {isa = PBXFileReference; fileEncoding = 4; lastKnownFileType = sourcecode.swift; name = Urls.swift; path = network/Urls.swift; sourceTree = "<group>"; };
		435E8B7B1DF03338003D3F63 /* LoginService.swift */ = {isa = PBXFileReference; fileEncoding = 4; lastKnownFileType = sourcecode.swift; path = LoginService.swift; sourceTree = "<group>"; };
		435E8B861DF04868003D3F63 /* DeviceSizes.swift */ = {isa = PBXFileReference; fileEncoding = 4; lastKnownFileType = sourcecode.swift; path = DeviceSizes.swift; sourceTree = "<group>"; };
		435E8B8C1DF05509003D3F63 /* Utils.swift */ = {isa = PBXFileReference; fileEncoding = 4; lastKnownFileType = sourcecode.swift; path = Utils.swift; sourceTree = "<group>"; };
		435E8B8E1DF055D6003D3F63 /* Toast.swift */ = {isa = PBXFileReference; fileEncoding = 4; lastKnownFileType = sourcecode.swift; path = Toast.swift; sourceTree = "<group>"; };
		435E8B901DF0560B003D3F63 /* ActivityIndicator.swift */ = {isa = PBXFileReference; fileEncoding = 4; lastKnownFileType = sourcecode.swift; path = ActivityIndicator.swift; sourceTree = "<group>"; };
		435E8B931DF057F5003D3F63 /* CAPSPageMenu.swift */ = {isa = PBXFileReference; fileEncoding = 4; lastKnownFileType = sourcecode.swift; path = CAPSPageMenu.swift; sourceTree = "<group>"; };
		43AA9E1E1DFAADC500C1876E /* EazeChat.swift */ = {isa = PBXFileReference; fileEncoding = 4; lastKnownFileType = sourcecode.swift; path = EazeChat.swift; sourceTree = "<group>"; };
		43AA9E201DFAAE5400C1876E /* EazeChats.swift */ = {isa = PBXFileReference; fileEncoding = 4; lastKnownFileType = sourcecode.swift; path = EazeChats.swift; sourceTree = "<group>"; };
		43AA9E221DFAAE5F00C1876E /* EazeRoster.swift */ = {isa = PBXFileReference; fileEncoding = 4; lastKnownFileType = sourcecode.swift; path = EazeRoster.swift; sourceTree = "<group>"; };
		43AA9E241DFAAE8200C1876E /* EazeLastActivity.swift */ = {isa = PBXFileReference; fileEncoding = 4; lastKnownFileType = sourcecode.swift; path = EazeLastActivity.swift; sourceTree = "<group>"; };
		43AA9E261DFAAE9600C1876E /* EazePresence.swift */ = {isa = PBXFileReference; fileEncoding = 4; lastKnownFileType = sourcecode.swift; path = EazePresence.swift; sourceTree = "<group>"; };
		43AA9E281DFAAEA200C1876E /* EazeMessage.swift */ = {isa = PBXFileReference; fileEncoding = 4; lastKnownFileType = sourcecode.swift; path = EazeMessage.swift; sourceTree = "<group>"; };
		43AA9E2A1DFAAEBA00C1876E /* EazeRoom.swift */ = {isa = PBXFileReference; fileEncoding = 4; lastKnownFileType = sourcecode.swift; path = EazeRoom.swift; sourceTree = "<group>"; };
		43AA9E2C1DFAB04900C1876E /* kXMPP.swift */ = {isa = PBXFileReference; fileEncoding = 4; lastKnownFileType = sourcecode.swift; path = kXMPP.swift; sourceTree = "<group>"; };
		43AA9E2E1DFB53D100C1876E /* PrivateChatTableViewController.swift */ = {isa = PBXFileReference; fileEncoding = 4; lastKnownFileType = sourcecode.swift; path = PrivateChatTableViewController.swift; sourceTree = "<group>"; };
		43AA9E301DFB5C5900C1876E /* ChatRoomViewController.swift */ = {isa = PBXFileReference; fileEncoding = 4; lastKnownFileType = sourcecode.swift; path = ChatRoomViewController.swift; sourceTree = "<group>"; };
		43C5539B1E0165AE00A06201 /* LoginViewController.swift */ = {isa = PBXFileReference; fileEncoding = 4; lastKnownFileType = sourcecode.swift; path = LoginViewController.swift; sourceTree = "<group>"; };
		43D549861DF9466200138473 /* PrivateChatTableViewCell.swift */ = {isa = PBXFileReference; fileEncoding = 4; lastKnownFileType = sourcecode.swift; path = PrivateChatTableViewCell.swift; sourceTree = "<group>"; };
		43D549881DF9468600138473 /* NewPrivateChatTableViewController.swift */ = {isa = PBXFileReference; fileEncoding = 4; lastKnownFileType = sourcecode.swift; path = NewPrivateChatTableViewController.swift; sourceTree = "<group>"; };
		43D5498A1DF98B6F00138473 /* UserProfileDisplayViewController.swift */ = {isa = PBXFileReference; fileEncoding = 4; lastKnownFileType = sourcecode.swift; path = UserProfileDisplayViewController.swift; sourceTree = "<group>"; };
		43D5498C1DF9949100138473 /* ProfileService.swift */ = {isa = PBXFileReference; fileEncoding = 4; lastKnownFileType = sourcecode.swift; path = ProfileService.swift; sourceTree = "<group>"; };
		43D5498E1DF99A2E00138473 /* LoggedinUserProfile.swift */ = {isa = PBXFileReference; fileEncoding = 4; lastKnownFileType = sourcecode.swift; path = LoggedinUserProfile.swift; sourceTree = "<group>"; };
		43E2B81D1DF15F1000F791B5 /* TeamSelectionViewController.swift */ = {isa = PBXFileReference; fileEncoding = 4; lastKnownFileType = sourcecode.swift; path = TeamSelectionViewController.swift; sourceTree = "<group>"; };
		43E2B8231DF1872B00F791B5 /* Extensions.swift */ = {isa = PBXFileReference; fileEncoding = 4; lastKnownFileType = sourcecode.swift; path = Extensions.swift; sourceTree = "<group>"; };
		43E2B8251DF1927700F791B5 /* Company.swift */ = {isa = PBXFileReference; fileEncoding = 4; lastKnownFileType = sourcecode.swift; path = Company.swift; sourceTree = "<group>"; };
		43E2B8271DF19A1E00F791B5 /* UserChatCredentials.swift */ = {isa = PBXFileReference; fileEncoding = 4; lastKnownFileType = sourcecode.swift; path = UserChatCredentials.swift; sourceTree = "<group>"; };
		4B6C78EFF868E31505E7641E /* Pods-Eazespot.release.xcconfig */ = {isa = PBXFileReference; includeInIndex = 1; lastKnownFileType = text.xcconfig; name = "Pods-Eazespot.release.xcconfig"; path = "Pods/Target Support Files/Pods-Eazespot/Pods-Eazespot.release.xcconfig"; sourceTree = "<group>"; };
		6F0B5B4A1E093B220035A2C6 /* ResetPasswordViewController.swift */ = {isa = PBXFileReference; fileEncoding = 4; lastKnownFileType = sourcecode.swift; path = ResetPasswordViewController.swift; sourceTree = "<group>"; };
		6F0B5B4C1E093D460035A2C6 /* ForgotPasswordService.swift */ = {isa = PBXFileReference; fileEncoding = 4; lastKnownFileType = sourcecode.swift; path = ForgotPasswordService.swift; sourceTree = "<group>"; };
		6F9CBF311E0A447A0039A5EA /* Eazespot-Bridging-Header.h */ = {isa = PBXFileReference; lastKnownFileType = sourcecode.c.h; path = "Eazespot-Bridging-Header.h"; sourceTree = "<group>"; };
		6F9CBF321E0A447B0039A5EA /* SWRevealViewController.h */ = {isa = PBXFileReference; fileEncoding = 4; lastKnownFileType = sourcecode.c.h; path = SWRevealViewController.h; sourceTree = "<group>"; };
		6F9CBF331E0A447B0039A5EA /* SWRevealViewController.m */ = {isa = PBXFileReference; fileEncoding = 4; lastKnownFileType = sourcecode.c.objc; path = SWRevealViewController.m; sourceTree = "<group>"; };
		6F9CBF371E0A4D1F0039A5EA /* MailHomeViewController.swift */ = {isa = PBXFileReference; fileEncoding = 4; lastKnownFileType = sourcecode.swift; path = MailHomeViewController.swift; sourceTree = "<group>"; };
		6F9CBF391E0A4D2E0039A5EA /* ChatHomeViewController.swift */ = {isa = PBXFileReference; fileEncoding = 4; lastKnownFileType = sourcecode.swift; path = ChatHomeViewController.swift; sourceTree = "<group>"; };
		6F9CBF3C1E0ABBFF0039A5EA /* SideMenuViewController.swift */ = {isa = PBXFileReference; fileEncoding = 4; lastKnownFileType = sourcecode.swift; path = SideMenuViewController.swift; sourceTree = "<group>"; };
		6F9CBF3F1E0ABDF30039A5EA /* JSSAlertView.swift */ = {isa = PBXFileReference; fileEncoding = 4; lastKnownFileType = sourcecode.swift; path = JSSAlertView.swift; sourceTree = "<group>"; };
		949A8CB5748D9837E3008E2F /* Pods_Eazespot.framework */ = {isa = PBXFileReference; explicitFileType = wrapper.framework; includeInIndex = 0; path = Pods_Eazespot.framework; sourceTree = BUILT_PRODUCTS_DIR; };
		DE8A18A85531C075AA3E097E /* Pods-Eazespot.debug.xcconfig */ = {isa = PBXFileReference; includeInIndex = 1; lastKnownFileType = text.xcconfig; name = "Pods-Eazespot.debug.xcconfig"; path = "Pods/Target Support Files/Pods-Eazespot/Pods-Eazespot.debug.xcconfig"; sourceTree = "<group>"; };
		F4C39BAB0BFA6E846A2599C3 /* Pods_EazespotTests.framework */ = {isa = PBXFileReference; explicitFileType = wrapper.framework; includeInIndex = 0; path = Pods_EazespotTests.framework; sourceTree = BUILT_PRODUCTS_DIR; };
		FE5583885E655C5EED428759 /* Pods_EazespotUITests.framework */ = {isa = PBXFileReference; explicitFileType = wrapper.framework; includeInIndex = 0; path = Pods_EazespotUITests.framework; sourceTree = BUILT_PRODUCTS_DIR; };
/* End PBXFileReference section */

/* Begin PBXFrameworksBuildPhase section */
		435E8B311DF029B4003D3F63 /* Frameworks */ = {
			isa = PBXFrameworksBuildPhase;
			buildActionMask = 2147483647;
			files = (
				F1222B7B61BF1130AB346C08 /* Pods_Eazespot.framework in Frameworks */,
			);
			runOnlyForDeploymentPostprocessing = 0;
		};
		435E8B481DF029B5003D3F63 /* Frameworks */ = {
			isa = PBXFrameworksBuildPhase;
			buildActionMask = 2147483647;
			files = (
			);
			runOnlyForDeploymentPostprocessing = 0;
		};
		435E8B531DF029B5003D3F63 /* Frameworks */ = {
			isa = PBXFrameworksBuildPhase;
			buildActionMask = 2147483647;
			files = (
			);
			runOnlyForDeploymentPostprocessing = 0;
		};
/* End PBXFrameworksBuildPhase section */

/* Begin PBXGroup section */
		045F756E195D9CD0DF31FC01 /* Pods */ = {
			isa = PBXGroup;
			children = (
				DE8A18A85531C075AA3E097E /* Pods-Eazespot.debug.xcconfig */,
				4B6C78EFF868E31505E7641E /* Pods-Eazespot.release.xcconfig */,
			);
			name = Pods;
			sourceTree = "<group>";
		};
		431D4B431DFC89D200FD3702 /* Cells */ = {
			isa = PBXGroup;
			children = (
				43D549861DF9466200138473 /* PrivateChatTableViewCell.swift */,
				431D4B411DFC893B00FD3702 /* ContactTableViewCell.swift */,
			);
			name = Cells;
			sourceTree = "<group>";
		};
		431D4B441DFC89DD00FD3702 /* Rooms */ = {
			isa = PBXGroup;
			children = (
				43AA9E301DFB5C5900C1876E /* ChatRoomViewController.swift */,
			);
			name = Rooms;
			sourceTree = "<group>";
		};
		4320D1A81DF5A34A002EDC2C /* ColorCode */ = {
			isa = PBXGroup;
			children = (
				4320D1A51DF5A342002EDC2C /* ColorCode.swift */,
				4320D1A41DF5A342002EDC2C /* ColorCodeExtensions.swift */,
			);
			name = ColorCode;
			sourceTree = "<group>";
		};
		4326AF261E07F15C0043188E /* TextFieldsEffects */ = {
			isa = PBXGroup;
			children = (
				4326AF271E07F1730043188E /* TextFieldsEffects.swift */,
				4326AF281E07F1730043188E /* HoshiTextField.swift */,
			);
			name = TextFieldsEffects;
			sourceTree = "<group>";
		};
		434AEF421E0AC0F1003E2A12 /* JSQ */ = {
			isa = PBXGroup;
			children = (
				434AEF491E0AC254003E2A12 /* MessageViewOutgoing.xib */,
				434AEF4A1E0AC254003E2A12 /* MessageViewIncoming.xib */,
				434AEF511E0AF01B003E2A12 /* ChatScreenHeaderView.xib */,
				434AEF531E0AF093003E2A12 /* ChatScreenHeaderView.swift */,
				434AEF431E0AC110003E2A12 /* CustomCells.swift */,
				434AEF4D1E0ADEA7003E2A12 /* BubbleSizeCalculator.swift */,
				434AEF4F1E0AE4AF003E2A12 /* Custom media message.swift */,
			);
			name = JSQ;
			sourceTree = "<group>";
		};
		435E8B2B1DF029B4003D3F63 = {
			isa = PBXGroup;
			children = (
				435E8B361DF029B5003D3F63 /* Eazespot */,
				435E8B4E1DF029B5003D3F63 /* EazespotTests */,
				435E8B591DF029B5003D3F63 /* EazespotUITests */,
				435E8B351DF029B5003D3F63 /* Products */,
				045F756E195D9CD0DF31FC01 /* Pods */,
				D74F4520931CD4B7BAA224F9 /* Frameworks */,
			);
			sourceTree = "<group>";
		};
		435E8B351DF029B5003D3F63 /* Products */ = {
			isa = PBXGroup;
			children = (
				435E8B341DF029B5003D3F63 /* Eazespot.app */,
				435E8B4B1DF029B5003D3F63 /* EazespotTests.xctest */,
				435E8B561DF029B5003D3F63 /* EazespotUITests.xctest */,
			);
			name = Products;
			sourceTree = "<group>";
		};
		435E8B361DF029B5003D3F63 /* Eazespot */ = {
			isa = PBXGroup;
			children = (
				435E8B371DF029B5003D3F63 /* AppDelegate.swift */,
				435E8B7A1DF0331B003D3F63 /* Services */,
				435E8B681DF02AF8003D3F63 /* Views */,
				435E8B6A1DF02B26003D3F63 /* Modals */,
				435E8B691DF02B0E003D3F63 /* Controllers */,
				435E8B701DF02B9C003D3F63 /* Newtork */,
				435E8B811DF047BE003D3F63 /* Utilities */,
				435E8B461DF029B5003D3F63 /* Info.plist */,
				435E8B411DF029B5003D3F63 /* Assets.xcassets */,
			);
			path = Eazespot;
			sourceTree = "<group>";
		};
		435E8B4E1DF029B5003D3F63 /* EazespotTests */ = {
			isa = PBXGroup;
			children = (
				435E8B4F1DF029B5003D3F63 /* EazespotTests.swift */,
				435E8B511DF029B5003D3F63 /* Info.plist */,
			);
			path = EazespotTests;
			sourceTree = "<group>";
		};
		435E8B591DF029B5003D3F63 /* EazespotUITests */ = {
			isa = PBXGroup;
			children = (
				435E8B5A1DF029B5003D3F63 /* EazespotUITests.swift */,
				435E8B5C1DF029B5003D3F63 /* Info.plist */,
			);
			path = EazespotUITests;
			sourceTree = "<group>";
		};
		435E8B681DF02AF8003D3F63 /* Views */ = {
			isa = PBXGroup;
			children = (
				435E8B3B1DF029B5003D3F63 /* Main.storyboard */,
				435E8B431DF029B5003D3F63 /* LaunchScreen.storyboard */,
			);
			name = Views;
			sourceTree = "<group>";
		};
		435E8B691DF02B0E003D3F63 /* Controllers */ = {
			isa = PBXGroup;
			children = (
				6F9CBF3B1E0ABBE70039A5EA /* SideMenu */,
				6F9CBF361E0A4CFC0039A5EA /* Mail */,
				43E2B81F1DF1602B00F791B5 /* Chat */,
				435E8B8B1DF054BD003D3F63 /* LoginAndSignUp */,
			);
			name = Controllers;
			sourceTree = "<group>";
		};
		435E8B6A1DF02B26003D3F63 /* Modals */ = {
			isa = PBXGroup;
			children = (
				435E8B3E1DF029B5003D3F63 /* Eazespot.xcdatamodeld */,
			);
			name = Modals;
			sourceTree = "<group>";
		};
		435E8B701DF02B9C003D3F63 /* Newtork */ = {
			isa = PBXGroup;
			children = (
				435E8B721DF03238003D3F63 /* Network.swift */,
				435E8B731DF03238003D3F63 /* Reachability.swift */,
				435E8B741DF03238003D3F63 /* SwiftyJSON.swift */,
				435E8B751DF03238003D3F63 /* Urls.swift */,
			);
			name = Newtork;
			sourceTree = "<group>";
		};
		435E8B7A1DF0331B003D3F63 /* Services */ = {
			isa = PBXGroup;
			children = (
				434AEF421E0AC0F1003E2A12 /* JSQ */,
				43AA9E1D1DFAAD6400C1876E /* XMPPServices */,
				43AA9E1C1DFAAD4C00C1876E /* Classes */,
				435E8B7D1DF033ED003D3F63 /* LoginAndSignUp */,
			);
			name = Services;
			sourceTree = "<group>";
		};
		435E8B7D1DF033ED003D3F63 /* LoginAndSignUp */ = {
			isa = PBXGroup;
			children = (
				435E8B7B1DF03338003D3F63 /* LoginService.swift */,
				43D5498C1DF9949100138473 /* ProfileService.swift */,
				6F0B5B4C1E093D460035A2C6 /* ForgotPasswordService.swift */,
			);
			name = LoginAndSignUp;
			sourceTree = "<group>";
		};
		435E8B801DF0479E003D3F63 /* ActivityIndicator */ = {
			isa = PBXGroup;
			children = (
				435E8B901DF0560B003D3F63 /* ActivityIndicator.swift */,
			);
			name = ActivityIndicator;
			sourceTree = "<group>";
		};
		435E8B811DF047BE003D3F63 /* Utilities */ = {
			isa = PBXGroup;
			children = (
				6F9CBF3E1E0ABDE60039A5EA /* JSSAlertView */,
				6F9CBF351E0A449A0039A5EA /* BridgingHeader */,
				6F9CBF301E0A44690039A5EA /* SWRevealViewController */,
				4326AF261E07F15C0043188E /* TextFieldsEffects */,
				4320D1A81DF5A34A002EDC2C /* ColorCode */,
				43E2B8221DF1871C00F791B5 /* Extensions */,
				435E8B921DF057D3003D3F63 /* PageMenu */,
				435E8B861DF04868003D3F63 /* DeviceSizes.swift */,
				435E8B841DF04800003D3F63 /* Toast */,
				435E8B801DF0479E003D3F63 /* ActivityIndicator */,
				435E8B8C1DF05509003D3F63 /* Utils.swift */,
			);
			name = Utilities;
			sourceTree = "<group>";
		};
		435E8B841DF04800003D3F63 /* Toast */ = {
			isa = PBXGroup;
			children = (
				435E8B8E1DF055D6003D3F63 /* Toast.swift */,
			);
			name = Toast;
			sourceTree = "<group>";
		};
		435E8B8B1DF054BD003D3F63 /* LoginAndSignUp */ = {
			isa = PBXGroup;
			children = (
				43E2B81D1DF15F1000F791B5 /* TeamSelectionViewController.swift */,
				43C5539B1E0165AE00A06201 /* LoginViewController.swift */,
				43D5498A1DF98B6F00138473 /* UserProfileDisplayViewController.swift */,
				6F0B5B4A1E093B220035A2C6 /* ResetPasswordViewController.swift */,
			);
			name = LoginAndSignUp;
			sourceTree = "<group>";
		};
		435E8B921DF057D3003D3F63 /* PageMenu */ = {
			isa = PBXGroup;
			children = (
				435E8B931DF057F5003D3F63 /* CAPSPageMenu.swift */,
			);
			name = PageMenu;
			sourceTree = "<group>";
		};
		43AA9E1C1DFAAD4C00C1876E /* Classes */ = {
			isa = PBXGroup;
			children = (
				43E2B8251DF1927700F791B5 /* Company.swift */,
				43D5498E1DF99A2E00138473 /* LoggedinUserProfile.swift */,
				43E2B8271DF19A1E00F791B5 /* UserChatCredentials.swift */,
			);
			name = Classes;
			sourceTree = "<group>";
		};
		43AA9E1D1DFAAD6400C1876E /* XMPPServices */ = {
			isa = PBXGroup;
			children = (
				43AA9E2C1DFAB04900C1876E /* kXMPP.swift */,
				43AA9E1E1DFAADC500C1876E /* EazeChat.swift */,
				43AA9E201DFAAE5400C1876E /* EazeChats.swift */,
				43AA9E221DFAAE5F00C1876E /* EazeRoster.swift */,
				43AA9E241DFAAE8200C1876E /* EazeLastActivity.swift */,
				43AA9E261DFAAE9600C1876E /* EazePresence.swift */,
				43AA9E281DFAAEA200C1876E /* EazeMessage.swift */,
				43AA9E2A1DFAAEBA00C1876E /* EazeRoom.swift */,
				4345F88A1DFFF1BE005FC03C /* XMPPMessageArchivingManagement.swift */,
			);
			name = XMPPServices;
			sourceTree = "<group>";
		};
		43E2B81F1DF1602B00F791B5 /* Chat */ = {
			isa = PBXGroup;
			children = (
				43AA9E2E1DFB53D100C1876E /* PrivateChatTableViewController.swift */,
				43D549881DF9468600138473 /* NewPrivateChatTableViewController.swift */,
				431D4B431DFC89D200FD3702 /* Cells */,
				431D4B441DFC89DD00FD3702 /* Rooms */,
				6F9CBF391E0A4D2E0039A5EA /* ChatHomeViewController.swift */,
			);
			name = Chat;
			sourceTree = "<group>";
		};
		43E2B8221DF1871C00F791B5 /* Extensions */ = {
			isa = PBXGroup;
			children = (
				43E2B8231DF1872B00F791B5 /* Extensions.swift */,
			);
			name = Extensions;
			sourceTree = "<group>";
		};
		6F9CBF301E0A44690039A5EA /* SWRevealViewController */ = {
			isa = PBXGroup;
			children = (
				6F9CBF321E0A447B0039A5EA /* SWRevealViewController.h */,
				6F9CBF331E0A447B0039A5EA /* SWRevealViewController.m */,
			);
			name = SWRevealViewController;
			sourceTree = "<group>";
		};
		6F9CBF351E0A449A0039A5EA /* BridgingHeader */ = {
			isa = PBXGroup;
			children = (
				6F9CBF311E0A447A0039A5EA /* Eazespot-Bridging-Header.h */,
			);
			name = BridgingHeader;
			sourceTree = "<group>";
		};
		6F9CBF361E0A4CFC0039A5EA /* Mail */ = {
			isa = PBXGroup;
			children = (
				6F9CBF371E0A4D1F0039A5EA /* MailHomeViewController.swift */,
			);
			name = Mail;
			sourceTree = "<group>";
		};
		6F9CBF3B1E0ABBE70039A5EA /* SideMenu */ = {
			isa = PBXGroup;
			children = (
				6F9CBF3C1E0ABBFF0039A5EA /* SideMenuViewController.swift */,
			);
			name = SideMenu;
			sourceTree = "<group>";
		};
		6F9CBF3E1E0ABDE60039A5EA /* JSSAlertView */ = {
			isa = PBXGroup;
			children = (
				6F9CBF3F1E0ABDF30039A5EA /* JSSAlertView.swift */,
			);
			name = JSSAlertView;
			sourceTree = "<group>";
		};
		D74F4520931CD4B7BAA224F9 /* Frameworks */ = {
			isa = PBXGroup;
			children = (
				949A8CB5748D9837E3008E2F /* Pods_Eazespot.framework */,
				F4C39BAB0BFA6E846A2599C3 /* Pods_EazespotTests.framework */,
				FE5583885E655C5EED428759 /* Pods_EazespotUITests.framework */,
			);
			name = Frameworks;
			sourceTree = "<group>";
		};
/* End PBXGroup section */

/* Begin PBXNativeTarget section */
		435E8B331DF029B4003D3F63 /* Eazespot */ = {
			isa = PBXNativeTarget;
			buildConfigurationList = 435E8B5F1DF029B5003D3F63 /* Build configuration list for PBXNativeTarget "Eazespot" */;
			buildPhases = (
				83137C10E63B8C180B7477B7 /* [CP] Check Pods Manifest.lock */,
				435E8B301DF029B4003D3F63 /* Sources */,
				435E8B311DF029B4003D3F63 /* Frameworks */,
				435E8B321DF029B4003D3F63 /* Resources */,
				95148FB594414A47ED781A2E /* [CP] Embed Pods Frameworks */,
				1F3320622EA87F23CE92DFCA /* [CP] Copy Pods Resources */,
			);
			buildRules = (
			);
			dependencies = (
			);
			name = Eazespot;
			productName = Eazespot;
			productReference = 435E8B341DF029B5003D3F63 /* Eazespot.app */;
			productType = "com.apple.product-type.application";
		};
		435E8B4A1DF029B5003D3F63 /* EazespotTests */ = {
			isa = PBXNativeTarget;
			buildConfigurationList = 435E8B621DF029B5003D3F63 /* Build configuration list for PBXNativeTarget "EazespotTests" */;
			buildPhases = (
				435E8B471DF029B5003D3F63 /* Sources */,
				435E8B481DF029B5003D3F63 /* Frameworks */,
				435E8B491DF029B5003D3F63 /* Resources */,
			);
			buildRules = (
			);
			dependencies = (
				435E8B4D1DF029B5003D3F63 /* PBXTargetDependency */,
			);
			name = EazespotTests;
			productName = EazespotTests;
			productReference = 435E8B4B1DF029B5003D3F63 /* EazespotTests.xctest */;
			productType = "com.apple.product-type.bundle.unit-test";
		};
		435E8B551DF029B5003D3F63 /* EazespotUITests */ = {
			isa = PBXNativeTarget;
			buildConfigurationList = 435E8B651DF029B5003D3F63 /* Build configuration list for PBXNativeTarget "EazespotUITests" */;
			buildPhases = (
				435E8B521DF029B5003D3F63 /* Sources */,
				435E8B531DF029B5003D3F63 /* Frameworks */,
				435E8B541DF029B5003D3F63 /* Resources */,
			);
			buildRules = (
			);
			dependencies = (
				435E8B581DF029B5003D3F63 /* PBXTargetDependency */,
			);
			name = EazespotUITests;
			productName = EazespotUITests;
			productReference = 435E8B561DF029B5003D3F63 /* EazespotUITests.xctest */;
			productType = "com.apple.product-type.bundle.ui-testing";
		};
/* End PBXNativeTarget section */

/* Begin PBXProject section */
		435E8B2C1DF029B4003D3F63 /* Project object */ = {
			isa = PBXProject;
			attributes = {
				LastSwiftUpdateCheck = 0810;
				LastUpgradeCheck = 0810;
				ORGANIZATIONNAME = "Kush Taneja";
				TargetAttributes = {
					435E8B331DF029B4003D3F63 = {
						CreatedOnToolsVersion = 8.1;
						DevelopmentTeam = 2B4X6X3467;
						LastSwiftMigration = 0820;
						ProvisioningStyle = Automatic;
					};
					435E8B4A1DF029B5003D3F63 = {
						CreatedOnToolsVersion = 8.1;
						DevelopmentTeam = JTK792GD3V;
						ProvisioningStyle = Automatic;
						TestTargetID = 435E8B331DF029B4003D3F63;
					};
					435E8B551DF029B5003D3F63 = {
						CreatedOnToolsVersion = 8.1;
						DevelopmentTeam = JTK792GD3V;
						ProvisioningStyle = Automatic;
						TestTargetID = 435E8B331DF029B4003D3F63;
					};
				};
			};
			buildConfigurationList = 435E8B2F1DF029B4003D3F63 /* Build configuration list for PBXProject "Eazespot" */;
			compatibilityVersion = "Xcode 3.2";
			developmentRegion = English;
			hasScannedForEncodings = 0;
			knownRegions = (
				en,
				Base,
			);
			mainGroup = 435E8B2B1DF029B4003D3F63;
			productRefGroup = 435E8B351DF029B5003D3F63 /* Products */;
			projectDirPath = "";
			projectRoot = "";
			targets = (
				435E8B331DF029B4003D3F63 /* Eazespot */,
				435E8B4A1DF029B5003D3F63 /* EazespotTests */,
				435E8B551DF029B5003D3F63 /* EazespotUITests */,
			);
		};
/* End PBXProject section */

/* Begin PBXResourcesBuildPhase section */
		435E8B321DF029B4003D3F63 /* Resources */ = {
			isa = PBXResourcesBuildPhase;
			buildActionMask = 2147483647;
			files = (
				434AEF4C1E0AC254003E2A12 /* MessageViewIncoming.xib in Resources */,
				435E8B451DF029B5003D3F63 /* LaunchScreen.storyboard in Resources */,
				434AEF4B1E0AC254003E2A12 /* MessageViewOutgoing.xib in Resources */,
				435E8B421DF029B5003D3F63 /* Assets.xcassets in Resources */,
				435E8B3D1DF029B5003D3F63 /* Main.storyboard in Resources */,
				434AEF521E0AF01B003E2A12 /* ChatScreenHeaderView.xib in Resources */,
			);
			runOnlyForDeploymentPostprocessing = 0;
		};
		435E8B491DF029B5003D3F63 /* Resources */ = {
			isa = PBXResourcesBuildPhase;
			buildActionMask = 2147483647;
			files = (
			);
			runOnlyForDeploymentPostprocessing = 0;
		};
		435E8B541DF029B5003D3F63 /* Resources */ = {
			isa = PBXResourcesBuildPhase;
			buildActionMask = 2147483647;
			files = (
			);
			runOnlyForDeploymentPostprocessing = 0;
		};
/* End PBXResourcesBuildPhase section */

/* Begin PBXShellScriptBuildPhase section */
		1F3320622EA87F23CE92DFCA /* [CP] Copy Pods Resources */ = {
			isa = PBXShellScriptBuildPhase;
			buildActionMask = 2147483647;
			files = (
			);
			inputPaths = (
			);
			name = "[CP] Copy Pods Resources";
			outputPaths = (
			);
			runOnlyForDeploymentPostprocessing = 0;
			shellPath = /bin/sh;
			shellScript = "\"${SRCROOT}/Pods/Target Support Files/Pods-Eazespot/Pods-Eazespot-resources.sh\"\n";
			showEnvVarsInLog = 0;
		};
		83137C10E63B8C180B7477B7 /* [CP] Check Pods Manifest.lock */ = {
			isa = PBXShellScriptBuildPhase;
			buildActionMask = 2147483647;
			files = (
			);
			inputPaths = (
			);
			name = "[CP] Check Pods Manifest.lock";
			outputPaths = (
			);
			runOnlyForDeploymentPostprocessing = 0;
			shellPath = /bin/sh;
			shellScript = "diff \"${PODS_ROOT}/../Podfile.lock\" \"${PODS_ROOT}/Manifest.lock\" > /dev/null\nif [ $? != 0 ] ; then\n    # print error to STDERR\n    echo \"error: The sandbox is not in sync with the Podfile.lock. Run 'pod install' or update your CocoaPods installation.\" >&2\n    exit 1\nfi\n";
			showEnvVarsInLog = 0;
		};
		95148FB594414A47ED781A2E /* [CP] Embed Pods Frameworks */ = {
			isa = PBXShellScriptBuildPhase;
			buildActionMask = 2147483647;
			files = (
			);
			inputPaths = (
			);
			name = "[CP] Embed Pods Frameworks";
			outputPaths = (
			);
			runOnlyForDeploymentPostprocessing = 0;
			shellPath = /bin/sh;
			shellScript = "\"${SRCROOT}/Pods/Target Support Files/Pods-Eazespot/Pods-Eazespot-frameworks.sh\"\n";
			showEnvVarsInLog = 0;
		};
/* End PBXShellScriptBuildPhase section */

/* Begin PBXSourcesBuildPhase section */
		435E8B301DF029B4003D3F63 /* Sources */ = {
			isa = PBXSourcesBuildPhase;
			buildActionMask = 2147483647;
			files = (
				43D5498B1DF98B6F00138473 /* UserProfileDisplayViewController.swift in Sources */,
				435E8B761DF03238003D3F63 /* Network.swift in Sources */,
				4345F88B1DFFF1BE005FC03C /* XMPPMessageArchivingManagement.swift in Sources */,
				43E2B81E1DF15F1000F791B5 /* TeamSelectionViewController.swift in Sources */,
				6F9CBF3D1E0ABBFF0039A5EA /* SideMenuViewController.swift in Sources */,
				4326AF291E07F1730043188E /* TextFieldsEffects.swift in Sources */,
				43D549891DF9468600138473 /* NewPrivateChatTableViewController.swift in Sources */,
				6F0B5B4D1E093D460035A2C6 /* ForgotPasswordService.swift in Sources */,
				435E8B891DF04868003D3F63 /* DeviceSizes.swift in Sources */,
				43AA9E291DFAAEA200C1876E /* EazeMessage.swift in Sources */,
				43AA9E311DFB5C5900C1876E /* ChatRoomViewController.swift in Sources */,
				434AEF441E0AC110003E2A12 /* CustomCells.swift in Sources */,
				4320D1A71DF5A342002EDC2C /* ColorCode.swift in Sources */,
				435E8B771DF03238003D3F63 /* Reachability.swift in Sources */,
				43AA9E1F1DFAADC500C1876E /* EazeChat.swift in Sources */,
				43E2B8281DF19A1E00F791B5 /* UserChatCredentials.swift in Sources */,
				43AA9E2B1DFAAEBA00C1876E /* EazeRoom.swift in Sources */,
				435E8B911DF0560B003D3F63 /* ActivityIndicator.swift in Sources */,
				435E8B791DF03238003D3F63 /* Urls.swift in Sources */,
				434AEF4E1E0ADEA7003E2A12 /* BubbleSizeCalculator.swift in Sources */,
				4320D1A61DF5A342002EDC2C /* ColorCodeExtensions.swift in Sources */,
				434AEF541E0AF093003E2A12 /* ChatScreenHeaderView.swift in Sources */,
				435E8B8D1DF05509003D3F63 /* Utils.swift in Sources */,
				435E8B401DF029B5003D3F63 /* Eazespot.xcdatamodeld in Sources */,
				435E8B941DF057F5003D3F63 /* CAPSPageMenu.swift in Sources */,
				43D5498F1DF99A2E00138473 /* LoggedinUserProfile.swift in Sources */,
				43E2B8241DF1872B00F791B5 /* Extensions.swift in Sources */,
				434AEF501E0AE4AF003E2A12 /* Custom media message.swift in Sources */,
				43AA9E251DFAAE8200C1876E /* EazeLastActivity.swift in Sources */,
				4326AF2A1E07F1730043188E /* HoshiTextField.swift in Sources */,
				43AA9E231DFAAE5F00C1876E /* EazeRoster.swift in Sources */,
				43C5539C1E0165AE00A06201 /* LoginViewController.swift in Sources */,
				6F0B5B4B1E093B220035A2C6 /* ResetPasswordViewController.swift in Sources */,
				431D4B421DFC893B00FD3702 /* ContactTableViewCell.swift in Sources */,
				6F9CBF381E0A4D1F0039A5EA /* MailHomeViewController.swift in Sources */,
				43AA9E271DFAAE9600C1876E /* EazePresence.swift in Sources */,
				43D5498D1DF9949100138473 /* ProfileService.swift in Sources */,
				43AA9E2D1DFAB04900C1876E /* kXMPP.swift in Sources */,
				43E2B8261DF1927700F791B5 /* Company.swift in Sources */,
				6F9CBF3A1E0A4D2E0039A5EA /* ChatHomeViewController.swift in Sources */,
				43AA9E2F1DFB53D100C1876E /* PrivateChatTableViewController.swift in Sources */,
				6F9CBF341E0A447B0039A5EA /* SWRevealViewController.m in Sources */,
				435E8B381DF029B5003D3F63 /* AppDelegate.swift in Sources */,
				435E8B8F1DF055D6003D3F63 /* Toast.swift in Sources */,
				435E8B781DF03238003D3F63 /* SwiftyJSON.swift in Sources */,
				43D549871DF9466200138473 /* PrivateChatTableViewCell.swift in Sources */,
				6F9CBF401E0ABDF30039A5EA /* JSSAlertView.swift in Sources */,
				43AA9E211DFAAE5400C1876E /* EazeChats.swift in Sources */,
				435E8B7C1DF03338003D3F63 /* LoginService.swift in Sources */,
			);
			runOnlyForDeploymentPostprocessing = 0;
		};
		435E8B471DF029B5003D3F63 /* Sources */ = {
			isa = PBXSourcesBuildPhase;
			buildActionMask = 2147483647;
			files = (
				435E8B501DF029B5003D3F63 /* EazespotTests.swift in Sources */,
			);
			runOnlyForDeploymentPostprocessing = 0;
		};
		435E8B521DF029B5003D3F63 /* Sources */ = {
			isa = PBXSourcesBuildPhase;
			buildActionMask = 2147483647;
			files = (
				435E8B5B1DF029B5003D3F63 /* EazespotUITests.swift in Sources */,
			);
			runOnlyForDeploymentPostprocessing = 0;
		};
/* End PBXSourcesBuildPhase section */

/* Begin PBXTargetDependency section */
		435E8B4D1DF029B5003D3F63 /* PBXTargetDependency */ = {
			isa = PBXTargetDependency;
			target = 435E8B331DF029B4003D3F63 /* Eazespot */;
			targetProxy = 435E8B4C1DF029B5003D3F63 /* PBXContainerItemProxy */;
		};
		435E8B581DF029B5003D3F63 /* PBXTargetDependency */ = {
			isa = PBXTargetDependency;
			target = 435E8B331DF029B4003D3F63 /* Eazespot */;
			targetProxy = 435E8B571DF029B5003D3F63 /* PBXContainerItemProxy */;
		};
/* End PBXTargetDependency section */

/* Begin PBXVariantGroup section */
		435E8B3B1DF029B5003D3F63 /* Main.storyboard */ = {
			isa = PBXVariantGroup;
			children = (
				435E8B3C1DF029B5003D3F63 /* Base */,
			);
			name = Main.storyboard;
			sourceTree = "<group>";
		};
		435E8B431DF029B5003D3F63 /* LaunchScreen.storyboard */ = {
			isa = PBXVariantGroup;
			children = (
				435E8B441DF029B5003D3F63 /* Base */,
			);
			name = LaunchScreen.storyboard;
			sourceTree = "<group>";
		};
/* End PBXVariantGroup section */

/* Begin XCBuildConfiguration section */
		435E8B5D1DF029B5003D3F63 /* Debug */ = {
			isa = XCBuildConfiguration;
			buildSettings = {
				ALWAYS_SEARCH_USER_PATHS = NO;
				CLANG_ANALYZER_NONNULL = YES;
				CLANG_CXX_LANGUAGE_STANDARD = "gnu++0x";
				CLANG_CXX_LIBRARY = "libc++";
				CLANG_ENABLE_MODULES = YES;
				CLANG_ENABLE_OBJC_ARC = YES;
				CLANG_WARN_BOOL_CONVERSION = YES;
				CLANG_WARN_CONSTANT_CONVERSION = YES;
				CLANG_WARN_DIRECT_OBJC_ISA_USAGE = YES_ERROR;
				CLANG_WARN_DOCUMENTATION_COMMENTS = YES;
				CLANG_WARN_EMPTY_BODY = YES;
				CLANG_WARN_ENUM_CONVERSION = YES;
				CLANG_WARN_INFINITE_RECURSION = YES;
				CLANG_WARN_INT_CONVERSION = YES;
				CLANG_WARN_OBJC_ROOT_CLASS = YES_ERROR;
				CLANG_WARN_SUSPICIOUS_MOVES = YES;
				CLANG_WARN_UNREACHABLE_CODE = YES;
				CLANG_WARN__DUPLICATE_METHOD_MATCH = YES;
				"CODE_SIGN_IDENTITY[sdk=iphoneos*]" = "iPhone Developer";
				COPY_PHASE_STRIP = NO;
				DEBUG_INFORMATION_FORMAT = dwarf;
				ENABLE_STRICT_OBJC_MSGSEND = YES;
				ENABLE_TESTABILITY = YES;
				GCC_C_LANGUAGE_STANDARD = gnu99;
				GCC_DYNAMIC_NO_PIC = NO;
				GCC_NO_COMMON_BLOCKS = YES;
				GCC_OPTIMIZATION_LEVEL = 0;
				GCC_PREPROCESSOR_DEFINITIONS = (
					"DEBUG=1",
					"$(inherited)",
				);
				GCC_WARN_64_TO_32_BIT_CONVERSION = YES;
				GCC_WARN_ABOUT_RETURN_TYPE = YES_ERROR;
				GCC_WARN_UNDECLARED_SELECTOR = YES;
				GCC_WARN_UNINITIALIZED_AUTOS = YES_AGGRESSIVE;
				GCC_WARN_UNUSED_FUNCTION = YES;
				GCC_WARN_UNUSED_VARIABLE = YES;
				IPHONEOS_DEPLOYMENT_TARGET = 10.1;
				MTL_ENABLE_DEBUG_INFO = YES;
				ONLY_ACTIVE_ARCH = YES;
				SDKROOT = iphoneos;
				SWIFT_ACTIVE_COMPILATION_CONDITIONS = DEBUG;
				SWIFT_OPTIMIZATION_LEVEL = "-Onone";
				TARGETED_DEVICE_FAMILY = "1,2";
			};
			name = Debug;
		};
		435E8B5E1DF029B5003D3F63 /* Release */ = {
			isa = XCBuildConfiguration;
			buildSettings = {
				ALWAYS_SEARCH_USER_PATHS = NO;
				CLANG_ANALYZER_NONNULL = YES;
				CLANG_CXX_LANGUAGE_STANDARD = "gnu++0x";
				CLANG_CXX_LIBRARY = "libc++";
				CLANG_ENABLE_MODULES = YES;
				CLANG_ENABLE_OBJC_ARC = YES;
				CLANG_WARN_BOOL_CONVERSION = YES;
				CLANG_WARN_CONSTANT_CONVERSION = YES;
				CLANG_WARN_DIRECT_OBJC_ISA_USAGE = YES_ERROR;
				CLANG_WARN_DOCUMENTATION_COMMENTS = YES;
				CLANG_WARN_EMPTY_BODY = YES;
				CLANG_WARN_ENUM_CONVERSION = YES;
				CLANG_WARN_INFINITE_RECURSION = YES;
				CLANG_WARN_INT_CONVERSION = YES;
				CLANG_WARN_OBJC_ROOT_CLASS = YES_ERROR;
				CLANG_WARN_SUSPICIOUS_MOVES = YES;
				CLANG_WARN_UNREACHABLE_CODE = YES;
				CLANG_WARN__DUPLICATE_METHOD_MATCH = YES;
				"CODE_SIGN_IDENTITY[sdk=iphoneos*]" = "iPhone Developer";
				COPY_PHASE_STRIP = NO;
				DEBUG_INFORMATION_FORMAT = "dwarf-with-dsym";
				ENABLE_NS_ASSERTIONS = NO;
				ENABLE_STRICT_OBJC_MSGSEND = YES;
				GCC_C_LANGUAGE_STANDARD = gnu99;
				GCC_NO_COMMON_BLOCKS = YES;
				GCC_WARN_64_TO_32_BIT_CONVERSION = YES;
				GCC_WARN_ABOUT_RETURN_TYPE = YES_ERROR;
				GCC_WARN_UNDECLARED_SELECTOR = YES;
				GCC_WARN_UNINITIALIZED_AUTOS = YES_AGGRESSIVE;
				GCC_WARN_UNUSED_FUNCTION = YES;
				GCC_WARN_UNUSED_VARIABLE = YES;
				IPHONEOS_DEPLOYMENT_TARGET = 10.1;
				MTL_ENABLE_DEBUG_INFO = NO;
				SDKROOT = iphoneos;
				SWIFT_OPTIMIZATION_LEVEL = "-Owholemodule";
				TARGETED_DEVICE_FAMILY = "1,2";
				VALIDATE_PRODUCT = YES;
			};
			name = Release;
		};
		435E8B601DF029B5003D3F63 /* Debug */ = {
			isa = XCBuildConfiguration;
			baseConfigurationReference = DE8A18A85531C075AA3E097E /* Pods-Eazespot.debug.xcconfig */;
			buildSettings = {
				ASSETCATALOG_COMPILER_APPICON_NAME = AppIcon;
				CLANG_ENABLE_MODULES = YES;
				CODE_SIGN_IDENTITY = "iPhone Developer: Akshay Luthra (JEEF6Z66M2)";
				"CODE_SIGN_IDENTITY[sdk=iphoneos*]" = "iPhone Developer";
				DEVELOPMENT_TEAM = 2B4X6X3467;
				INFOPLIST_FILE = Eazespot/Info.plist;
				IPHONEOS_DEPLOYMENT_TARGET = 9.0;
				LD_RUNPATH_SEARCH_PATHS = "$(inherited) @executable_path/Frameworks";
				PRODUCT_BUNDLE_IDENTIFIER = com.eazespot.app;
				PRODUCT_NAME = "$(TARGET_NAME)";
				SWIFT_OBJC_BRIDGING_HEADER = "Eazespot/Eazespot-Bridging-Header.h";
				SWIFT_OPTIMIZATION_LEVEL = "-Onone";
				SWIFT_VERSION = 3.0;
				TARGETED_DEVICE_FAMILY = 1;
			};
			name = Debug;
		};
		435E8B611DF029B5003D3F63 /* Release */ = {
			isa = XCBuildConfiguration;
			baseConfigurationReference = 4B6C78EFF868E31505E7641E /* Pods-Eazespot.release.xcconfig */;
			buildSettings = {
				ASSETCATALOG_COMPILER_APPICON_NAME = AppIcon;
				CLANG_ENABLE_MODULES = YES;
				CODE_SIGN_IDENTITY = "iPhone Developer: Akshay Luthra (JEEF6Z66M2)";
				"CODE_SIGN_IDENTITY[sdk=iphoneos*]" = "iPhone Developer";
				DEVELOPMENT_TEAM = 2B4X6X3467;
				INFOPLIST_FILE = Eazespot/Info.plist;
				IPHONEOS_DEPLOYMENT_TARGET = 9.0;
				LD_RUNPATH_SEARCH_PATHS = "$(inherited) @executable_path/Frameworks";
				PRODUCT_BUNDLE_IDENTIFIER = com.eazespot.app;
				PRODUCT_NAME = "$(TARGET_NAME)";
				SWIFT_OBJC_BRIDGING_HEADER = "Eazespot/Eazespot-Bridging-Header.h";
				SWIFT_VERSION = 3.0;
				TARGETED_DEVICE_FAMILY = 1;
			};
			name = Release;
		};
		435E8B631DF029B5003D3F63 /* Debug */ = {
			isa = XCBuildConfiguration;
			buildSettings = {
				ALWAYS_EMBED_SWIFT_STANDARD_LIBRARIES = YES;
				BUNDLE_LOADER = "$(TEST_HOST)";
				DEVELOPMENT_TEAM = JTK792GD3V;
				INFOPLIST_FILE = EazespotTests/Info.plist;
				LD_RUNPATH_SEARCH_PATHS = "$(inherited) @executable_path/Frameworks @loader_path/Frameworks";
				PRODUCT_BUNDLE_IDENTIFIER = com.ios.EazespotTests;
				PRODUCT_NAME = "$(TARGET_NAME)";
				SWIFT_VERSION = 3.0;
				TEST_HOST = "$(BUILT_PRODUCTS_DIR)/Eazespot.app/Eazespot";
			};
			name = Debug;
		};
		435E8B641DF029B5003D3F63 /* Release */ = {
			isa = XCBuildConfiguration;
			buildSettings = {
				ALWAYS_EMBED_SWIFT_STANDARD_LIBRARIES = YES;
				BUNDLE_LOADER = "$(TEST_HOST)";
				DEVELOPMENT_TEAM = JTK792GD3V;
				INFOPLIST_FILE = EazespotTests/Info.plist;
				LD_RUNPATH_SEARCH_PATHS = "$(inherited) @executable_path/Frameworks @loader_path/Frameworks";
				PRODUCT_BUNDLE_IDENTIFIER = com.ios.EazespotTests;
				PRODUCT_NAME = "$(TARGET_NAME)";
				SWIFT_VERSION = 3.0;
				TEST_HOST = "$(BUILT_PRODUCTS_DIR)/Eazespot.app/Eazespot";
			};
			name = Release;
		};
		435E8B661DF029B5003D3F63 /* Debug */ = {
			isa = XCBuildConfiguration;
			buildSettings = {
				ALWAYS_EMBED_SWIFT_STANDARD_LIBRARIES = YES;
				DEVELOPMENT_TEAM = JTK792GD3V;
				INFOPLIST_FILE = EazespotUITests/Info.plist;
				LD_RUNPATH_SEARCH_PATHS = "$(inherited) @executable_path/Frameworks @loader_path/Frameworks";
				PRODUCT_BUNDLE_IDENTIFIER = com.ios.EazespotUITests;
				PRODUCT_NAME = "$(TARGET_NAME)";
				SWIFT_VERSION = 3.0;
				TEST_TARGET_NAME = Eazespot;
			};
			name = Debug;
		};
		435E8B671DF029B5003D3F63 /* Release */ = {
			isa = XCBuildConfiguration;
			buildSettings = {
				ALWAYS_EMBED_SWIFT_STANDARD_LIBRARIES = YES;
				DEVELOPMENT_TEAM = JTK792GD3V;
				INFOPLIST_FILE = EazespotUITests/Info.plist;
				LD_RUNPATH_SEARCH_PATHS = "$(inherited) @executable_path/Frameworks @loader_path/Frameworks";
				PRODUCT_BUNDLE_IDENTIFIER = com.ios.EazespotUITests;
				PRODUCT_NAME = "$(TARGET_NAME)";
				SWIFT_VERSION = 3.0;
				TEST_TARGET_NAME = Eazespot;
			};
			name = Release;
		};
/* End XCBuildConfiguration section */

/* Begin XCConfigurationList section */
		435E8B2F1DF029B4003D3F63 /* Build configuration list for PBXProject "Eazespot" */ = {
			isa = XCConfigurationList;
			buildConfigurations = (
				435E8B5D1DF029B5003D3F63 /* Debug */,
				435E8B5E1DF029B5003D3F63 /* Release */,
			);
			defaultConfigurationIsVisible = 0;
			defaultConfigurationName = Release;
		};
		435E8B5F1DF029B5003D3F63 /* Build configuration list for PBXNativeTarget "Eazespot" */ = {
			isa = XCConfigurationList;
			buildConfigurations = (
				435E8B601DF029B5003D3F63 /* Debug */,
				435E8B611DF029B5003D3F63 /* Release */,
			);
			defaultConfigurationIsVisible = 0;
			defaultConfigurationName = Release;
		};
		435E8B621DF029B5003D3F63 /* Build configuration list for PBXNativeTarget "EazespotTests" */ = {
			isa = XCConfigurationList;
			buildConfigurations = (
				435E8B631DF029B5003D3F63 /* Debug */,
				435E8B641DF029B5003D3F63 /* Release */,
			);
			defaultConfigurationIsVisible = 0;
			defaultConfigurationName = Release;
		};
		435E8B651DF029B5003D3F63 /* Build configuration list for PBXNativeTarget "EazespotUITests" */ = {
			isa = XCConfigurationList;
			buildConfigurations = (
				435E8B661DF029B5003D3F63 /* Debug */,
				435E8B671DF029B5003D3F63 /* Release */,
			);
			defaultConfigurationIsVisible = 0;
			defaultConfigurationName = Release;
		};
/* End XCConfigurationList section */

/* Begin XCVersionGroup section */
		435E8B3E1DF029B5003D3F63 /* Eazespot.xcdatamodeld */ = {
			isa = XCVersionGroup;
			children = (
				435E8B3F1DF029B5003D3F63 /* Eazespot.xcdatamodel */,
			);
			currentVersion = 435E8B3F1DF029B5003D3F63 /* Eazespot.xcdatamodel */;
			path = Eazespot.xcdatamodeld;
			sourceTree = "<group>";
			versionGroupType = wrapper.xcdatamodel;
		};
/* End XCVersionGroup section */
	};
	rootObject = 435E8B2C1DF029B4003D3F63 /* Project object */;
}
